
Microsoft Visual Studio Solution File, Format Version 12.00
# Visual Studio Version 17
VisualStudioVersion = 17.0.31903.59
MinimumVisualStudioVersion = 10.0.40219.1
Project("{FAE04EC0-301F-11D3-BF4B-00C04F79EFBC}") = "DaprDemos.AppHost", "DaprDemos.AppHost\DaprDemos.AppHost.csproj", "{68689E50-8D3B-4ED3-A26A-8E23B69682A6}"
EndProject
Project("{FAE04EC0-301F-11D3-BF4B-00C04F79EFBC}") = "Demo01.PubSub.Publisher", "demos\Demo01.PubSub\Demo01.PubSub.Publisher\Demo01.PubSub.Publisher.csproj", "{529B892B-A7E0-4C10-AA19-AB69A6793B25}"
EndProject
Project("{FAE04EC0-301F-11D3-BF4B-00C04F79EFBC}") = "DaprDemos.Contracts", "DaprDemos.Contracts\DaprDemos.Contracts.csproj", "{0F85871A-178F-4351-9704-7479DD058337}"
EndProject
Project("{FAE04EC0-301F-11D3-BF4B-00C04F79EFBC}") = "DaprDemos.ServiceDefaults", "DaprDemos.ServiceDefaults\DaprDemos.ServiceDefaults.csproj", "{644631F8-EFDE-4644-A5C2-BC93B62866A6}"
EndProject
Project("{FAE04EC0-301F-11D3-BF4B-00C04F79EFBC}") = "DaprDemos.SharedKernel", "DaprDemos.SharedKernel\DaprDemos.SharedKernel.csproj", "{454706C8-F4A4-43B6-9870-959212530155}"
EndProject
Project("{FAE04EC0-301F-11D3-BF4B-00C04F79EFBC}") = "Demo01.PubSub.Subscriber", "demos\Demo01.PubSub\Demo01.PubSub.Subscriber\Demo01.PubSub.Subscriber.csproj", "{1B5F9FF3-66B6-4A9D-AEE8-A94A6BC1F0CC}"
EndProject
Project("{FAE04EC0-301F-11D3-BF4B-00C04F79EFBC}") = "Demo02.Retries.Subscriber", "demos\Demo02.Retries\Demo02.Retries.Subscriber\Demo02.Retries.Subscriber.csproj", "{1014027C-B65A-4079-B250-0D95A600A7C3}"
EndProject
Project("{FAE04EC0-301F-11D3-BF4B-00C04F79EFBC}") = "Demo03.StateStore.Worker", "demos\Demo03.StateStore\Demo03.StateStore.Worker\Demo03.StateStore.Worker.csproj", "{24C4D350-BD77-4033-9EE4-9A5D6FBC7740}"
EndProject
Project("{FAE04EC0-301F-11D3-BF4B-00C04F79EFBC}") = "Demo04.Bindings.Api", "demos\Demo04.Bindings\Demo04.Bindings.Api\Demo04.Bindings.Api.csproj", "{B81F8753-F92B-4631-BF54-C24567B5A9D5}"
EndProject
Project("{FAE04EC0-301F-11D3-BF4B-00C04F79EFBC}") = "Demo04.Bindings.Application", "demos\Demo04.Bindings\Demo04.Bindings.Application\Demo04.Bindings.Application.csproj", "{CA2D5657-3EE8-4B0B-9DD0-FCD5602F10D1}"
EndProject
Project("{FAE04EC0-301F-11D3-BF4B-00C04F79EFBC}") = "Demo04.Bindings.Domain", "demos\Demo04.Bindings\Demo04.Bindings.Domain\Demo04.Bindings.Domain.csproj", "{A46CA9A4-A011-4188-B512-60EEF60178DF}"
EndProject
Project("{FAE04EC0-301F-11D3-BF4B-00C04F79EFBC}") = "Demo04.Bindings.Infrastructure", "demos\Demo04.Bindings\Demo04.Bindings.Infrastructure\Demo04.Bindings.Infrastructure.csproj", "{6B72E32C-057C-4EE3-9F66-E0FE6228F201}"
EndProject
Project("{2150E333-8FDC-42A3-9474-1A3956D46DE8}") = "demos", "demos", "{FA8A28C8-4B59-8028-2ACF-626D05B08DB7}"
EndProject
Project("{2150E333-8FDC-42A3-9474-1A3956D46DE8}") = "Demo01.PubSub", "Demo01.PubSub", "{91C3584B-D98E-E31D-E523-8757DCFB9724}"
EndProject
Project("{2150E333-8FDC-42A3-9474-1A3956D46DE8}") = "Demo02.Retries", "Demo02.Retries", "{87D902E4-CD55-AEAC-DE95-2AB22E2A6DCE}"
EndProject
Project("{2150E333-8FDC-42A3-9474-1A3956D46DE8}") = "Demo03.StateStore", "Demo03.StateStore", "{1E247E24-C0A2-A425-473E-4C80D169F68A}"
EndProject
Project("{2150E333-8FDC-42A3-9474-1A3956D46DE8}") = "Demo04.Bindings", "Demo04.Bindings", "{B9FD70B5-C81E-2AA4-94A7-9A6E815B2C19}"
EndProject
Global
	GlobalSection(SolutionConfigurationPlatforms) = preSolution
		Debug|Any CPU = Debug|Any CPU
		Debug|x64 = Debug|x64
		Debug|x86 = Debug|x86
		Release|Any CPU = Release|Any CPU
		Release|x64 = Release|x64
		Release|x86 = Release|x86
	EndGlobalSection
	GlobalSection(ProjectConfigurationPlatforms) = postSolution
		{68689E50-8D3B-4ED3-A26A-8E23B69682A6}.Debug|Any CPU.ActiveCfg = Debug|Any CPU
		{68689E50-8D3B-4ED3-A26A-8E23B69682A6}.Debug|Any CPU.Build.0 = Debug|Any CPU
		{68689E50-8D3B-4ED3-A26A-8E23B69682A6}.Debug|x64.ActiveCfg = Debug|Any CPU
		{68689E50-8D3B-4ED3-A26A-8E23B69682A6}.Debug|x64.Build.0 = Debug|Any CPU
		{68689E50-8D3B-4ED3-A26A-8E23B69682A6}.Debug|x86.ActiveCfg = Debug|Any CPU
		{68689E50-8D3B-4ED3-A26A-8E23B69682A6}.Debug|x86.Build.0 = Debug|Any CPU
		{68689E50-8D3B-4ED3-A26A-8E23B69682A6}.Release|Any CPU.ActiveCfg = Release|Any CPU
		{68689E50-8D3B-4ED3-A26A-8E23B69682A6}.Release|Any CPU.Build.0 = Release|Any CPU
		{68689E50-8D3B-4ED3-A26A-8E23B69682A6}.Release|x64.ActiveCfg = Release|Any CPU
		{68689E50-8D3B-4ED3-A26A-8E23B69682A6}.Release|x64.Build.0 = Release|Any CPU
		{68689E50-8D3B-4ED3-A26A-8E23B69682A6}.Release|x86.ActiveCfg = Release|Any CPU
		{68689E50-8D3B-4ED3-A26A-8E23B69682A6}.Release|x86.Build.0 = Release|Any CPU
		{529B892B-A7E0-4C10-AA19-AB69A6793B25}.Debug|Any CPU.ActiveCfg = Debug|Any CPU
		{529B892B-A7E0-4C10-AA19-AB69A6793B25}.Debug|Any CPU.Build.0 = Debug|Any CPU
		{529B892B-A7E0-4C10-AA19-AB69A6793B25}.Debug|x64.ActiveCfg = Debug|Any CPU
		{529B892B-A7E0-4C10-AA19-AB69A6793B25}.Debug|x64.Build.0 = Debug|Any CPU
		{529B892B-A7E0-4C10-AA19-AB69A6793B25}.Debug|x86.ActiveCfg = Debug|Any CPU
		{529B892B-A7E0-4C10-AA19-AB69A6793B25}.Debug|x86.Build.0 = Debug|Any CPU
		{529B892B-A7E0-4C10-AA19-AB69A6793B25}.Release|Any CPU.ActiveCfg = Release|Any CPU
		{529B892B-A7E0-4C10-AA19-AB69A6793B25}.Release|Any CPU.Build.0 = Release|Any CPU
		{529B892B-A7E0-4C10-AA19-AB69A6793B25}.Release|x64.ActiveCfg = Release|Any CPU
		{529B892B-A7E0-4C10-AA19-AB69A6793B25}.Release|x64.Build.0 = Release|Any CPU
		{529B892B-A7E0-4C10-AA19-AB69A6793B25}.Release|x86.ActiveCfg = Release|Any CPU
		{529B892B-A7E0-4C10-AA19-AB69A6793B25}.Release|x86.Build.0 = Release|Any CPU
		{0F85871A-178F-4351-9704-7479DD058337}.Debug|Any CPU.ActiveCfg = Debug|Any CPU
		{0F85871A-178F-4351-9704-7479DD058337}.Debug|Any CPU.Build.0 = Debug|Any CPU
		{0F85871A-178F-4351-9704-7479DD058337}.Debug|x64.ActiveCfg = Debug|Any CPU
		{0F85871A-178F-4351-9704-7479DD058337}.Debug|x64.Build.0 = Debug|Any CPU
		{0F85871A-178F-4351-9704-7479DD058337}.Debug|x86.ActiveCfg = Debug|Any CPU
		{0F85871A-178F-4351-9704-7479DD058337}.Debug|x86.Build.0 = Debug|Any CPU
		{0F85871A-178F-4351-9704-7479DD058337}.Release|Any CPU.ActiveCfg = Release|Any CPU
		{0F85871A-178F-4351-9704-7479DD058337}.Release|Any CPU.Build.0 = Release|Any CPU
		{0F85871A-178F-4351-9704-7479DD058337}.Release|x64.ActiveCfg = Release|Any CPU
		{0F85871A-178F-4351-9704-7479DD058337}.Release|x64.Build.0 = Release|Any CPU
		{0F85871A-178F-4351-9704-7479DD058337}.Release|x86.ActiveCfg = Release|Any CPU
		{0F85871A-178F-4351-9704-7479DD058337}.Release|x86.Build.0 = Release|Any CPU
		{644631F8-EFDE-4644-A5C2-BC93B62866A6}.Debug|Any CPU.ActiveCfg = Debug|Any CPU
		{644631F8-EFDE-4644-A5C2-BC93B62866A6}.Debug|Any CPU.Build.0 = Debug|Any CPU
		{644631F8-EFDE-4644-A5C2-BC93B62866A6}.Debug|x64.ActiveCfg = Debug|Any CPU
		{644631F8-EFDE-4644-A5C2-BC93B62866A6}.Debug|x64.Build.0 = Debug|Any CPU
		{644631F8-EFDE-4644-A5C2-BC93B62866A6}.Debug|x86.ActiveCfg = Debug|Any CPU
		{644631F8-EFDE-4644-A5C2-BC93B62866A6}.Debug|x86.Build.0 = Debug|Any CPU
		{644631F8-EFDE-4644-A5C2-BC93B62866A6}.Release|Any CPU.ActiveCfg = Release|Any CPU
		{644631F8-EFDE-4644-A5C2-BC93B62866A6}.Release|Any CPU.Build.0 = Release|Any CPU
		{644631F8-EFDE-4644-A5C2-BC93B62866A6}.Release|x64.ActiveCfg = Release|Any CPU
		{644631F8-EFDE-4644-A5C2-BC93B62866A6}.Release|x64.Build.0 = Release|Any CPU
		{644631F8-EFDE-4644-A5C2-BC93B62866A6}.Release|x86.ActiveCfg = Release|Any CPU
		{644631F8-EFDE-4644-A5C2-BC93B62866A6}.Release|x86.Build.0 = Release|Any CPU
		{454706C8-F4A4-43B6-9870-959212530155}.Debug|Any CPU.ActiveCfg = Debug|Any CPU
		{454706C8-F4A4-43B6-9870-959212530155}.Debug|Any CPU.Build.0 = Debug|Any CPU
		{454706C8-F4A4-43B6-9870-959212530155}.Debug|x64.ActiveCfg = Debug|Any CPU
		{454706C8-F4A4-43B6-9870-959212530155}.Debug|x64.Build.0 = Debug|Any CPU
		{454706C8-F4A4-43B6-9870-959212530155}.Debug|x86.ActiveCfg = Debug|Any CPU
		{454706C8-F4A4-43B6-9870-959212530155}.Debug|x86.Build.0 = Debug|Any CPU
		{454706C8-F4A4-43B6-9870-959212530155}.Release|Any CPU.ActiveCfg = Release|Any CPU
		{454706C8-F4A4-43B6-9870-959212530155}.Release|Any CPU.Build.0 = Release|Any CPU
		{454706C8-F4A4-43B6-9870-959212530155}.Release|x64.ActiveCfg = Release|Any CPU
		{454706C8-F4A4-43B6-9870-959212530155}.Release|x64.Build.0 = Release|Any CPU
		{454706C8-F4A4-43B6-9870-959212530155}.Release|x86.ActiveCfg = Release|Any CPU
		{454706C8-F4A4-43B6-9870-959212530155}.Release|x86.Build.0 = Release|Any CPU
		{1B5F9FF3-66B6-4A9D-AEE8-A94A6BC1F0CC}.Debug|Any CPU.ActiveCfg = Debug|Any CPU
		{1B5F9FF3-66B6-4A9D-AEE8-A94A6BC1F0CC}.Debug|Any CPU.Build.0 = Debug|Any CPU
		{1B5F9FF3-66B6-4A9D-AEE8-A94A6BC1F0CC}.Debug|x64.ActiveCfg = Debug|Any CPU
		{1B5F9FF3-66B6-4A9D-AEE8-A94A6BC1F0CC}.Debug|x64.Build.0 = Debug|Any CPU
		{1B5F9FF3-66B6-4A9D-AEE8-A94A6BC1F0CC}.Debug|x86.ActiveCfg = Debug|Any CPU
		{1B5F9FF3-66B6-4A9D-AEE8-A94A6BC1F0CC}.Debug|x86.Build.0 = Debug|Any CPU
		{1B5F9FF3-66B6-4A9D-AEE8-A94A6BC1F0CC}.Release|Any CPU.ActiveCfg = Release|Any CPU
		{1B5F9FF3-66B6-4A9D-AEE8-A94A6BC1F0CC}.Release|Any CPU.Build.0 = Release|Any CPU
		{1B5F9FF3-66B6-4A9D-AEE8-A94A6BC1F0CC}.Release|x64.ActiveCfg = Release|Any CPU
		{1B5F9FF3-66B6-4A9D-AEE8-A94A6BC1F0CC}.Release|x64.Build.0 = Release|Any CPU
		{1B5F9FF3-66B6-4A9D-AEE8-A94A6BC1F0CC}.Release|x86.ActiveCfg = Release|Any CPU
		{1B5F9FF3-66B6-4A9D-AEE8-A94A6BC1F0CC}.Release|x86.Build.0 = Release|Any CPU
		{1014027C-B65A-4079-B250-0D95A600A7C3}.Debug|Any CPU.ActiveCfg = Debug|Any CPU
		{1014027C-B65A-4079-B250-0D95A600A7C3}.Debug|Any CPU.Build.0 = Debug|Any CPU
		{1014027C-B65A-4079-B250-0D95A600A7C3}.Debug|x64.ActiveCfg = Debug|Any CPU
		{1014027C-B65A-4079-B250-0D95A600A7C3}.Debug|x64.Build.0 = Debug|Any CPU
		{1014027C-B65A-4079-B250-0D95A600A7C3}.Debug|x86.ActiveCfg = Debug|Any CPU
		{1014027C-B65A-4079-B250-0D95A600A7C3}.Debug|x86.Build.0 = Debug|Any CPU
		{1014027C-B65A-4079-B250-0D95A600A7C3}.Release|Any CPU.ActiveCfg = Release|Any CPU
		{1014027C-B65A-4079-B250-0D95A600A7C3}.Release|Any CPU.Build.0 = Release|Any CPU
		{1014027C-B65A-4079-B250-0D95A600A7C3}.Release|x64.ActiveCfg = Release|Any CPU
		{1014027C-B65A-4079-B250-0D95A600A7C3}.Release|x64.Build.0 = Release|Any CPU
		{1014027C-B65A-4079-B250-0D95A600A7C3}.Release|x86.ActiveCfg = Release|Any CPU
		{1014027C-B65A-4079-B250-0D95A600A7C3}.Release|x86.Build.0 = Release|Any CPU
		{24C4D350-BD77-4033-9EE4-9A5D6FBC7740}.Debug|Any CPU.ActiveCfg = Debug|Any CPU
		{24C4D350-BD77-4033-9EE4-9A5D6FBC7740}.Debug|Any CPU.Build.0 = Debug|Any CPU
		{24C4D350-BD77-4033-9EE4-9A5D6FBC7740}.Debug|x64.ActiveCfg = Debug|Any CPU
		{24C4D350-BD77-4033-9EE4-9A5D6FBC7740}.Debug|x64.Build.0 = Debug|Any CPU
		{24C4D350-BD77-4033-9EE4-9A5D6FBC7740}.Debug|x86.ActiveCfg = Debug|Any CPU
		{24C4D350-BD77-4033-9EE4-9A5D6FBC7740}.Debug|x86.Build.0 = Debug|Any CPU
		{24C4D350-BD77-4033-9EE4-9A5D6FBC7740}.Release|Any CPU.ActiveCfg = Release|Any CPU
		{24C4D350-BD77-4033-9EE4-9A5D6FBC7740}.Release|Any CPU.Build.0 = Release|Any CPU
		{24C4D350-BD77-4033-9EE4-9A5D6FBC7740}.Release|x64.ActiveCfg = Release|Any CPU
		{24C4D350-BD77-4033-9EE4-9A5D6FBC7740}.Release|x64.Build.0 = Release|Any CPU
		{24C4D350-BD77-4033-9EE4-9A5D6FBC7740}.Release|x86.ActiveCfg = Release|Any CPU
		{24C4D350-BD77-4033-9EE4-9A5D6FBC7740}.Release|x86.Build.0 = Release|Any CPU
		{B81F8753-F92B-4631-BF54-C24567B5A9D5}.Debug|Any CPU.ActiveCfg = Debug|Any CPU
		{B81F8753-F92B-4631-BF54-C24567B5A9D5}.Debug|Any CPU.Build.0 = Debug|Any CPU
		{B81F8753-F92B-4631-BF54-C24567B5A9D5}.Debug|x64.ActiveCfg = Debug|Any CPU
		{B81F8753-F92B-4631-BF54-C24567B5A9D5}.Debug|x64.Build.0 = Debug|Any CPU
		{B81F8753-F92B-4631-BF54-C24567B5A9D5}.Debug|x86.ActiveCfg = Debug|Any CPU
		{B81F8753-F92B-4631-BF54-C24567B5A9D5}.Debug|x86.Build.0 = Debug|Any CPU
		{B81F8753-F92B-4631-BF54-C24567B5A9D5}.Release|Any CPU.ActiveCfg = Release|Any CPU
		{B81F8753-F92B-4631-BF54-C24567B5A9D5}.Release|Any CPU.Build.0 = Release|Any CPU
		{B81F8753-F92B-4631-BF54-C24567B5A9D5}.Release|x64.ActiveCfg = Release|Any CPU
		{B81F8753-F92B-4631-BF54-C24567B5A9D5}.Release|x64.Build.0 = Release|Any CPU
		{B81F8753-F92B-4631-BF54-C24567B5A9D5}.Release|x86.ActiveCfg = Release|Any CPU
		{B81F8753-F92B-4631-BF54-C24567B5A9D5}.Release|x86.Build.0 = Release|Any CPU
		{CA2D5657-3EE8-4B0B-9DD0-FCD5602F10D1}.Debug|Any CPU.ActiveCfg = Debug|Any CPU
		{CA2D5657-3EE8-4B0B-9DD0-FCD5602F10D1}.Debug|Any CPU.Build.0 = Debug|Any CPU
		{CA2D5657-3EE8-4B0B-9DD0-FCD5602F10D1}.Debug|x64.ActiveCfg = Debug|Any CPU
		{CA2D5657-3EE8-4B0B-9DD0-FCD5602F10D1}.Debug|x64.Build.0 = Debug|Any CPU
		{CA2D5657-3EE8-4B0B-9DD0-FCD5602F10D1}.Debug|x86.ActiveCfg = Debug|Any CPU
		{CA2D5657-3EE8-4B0B-9DD0-FCD5602F10D1}.Debug|x86.Build.0 = Debug|Any CPU
		{CA2D5657-3EE8-4B0B-9DD0-FCD5602F10D1}.Release|Any CPU.ActiveCfg = Release|Any CPU
		{CA2D5657-3EE8-4B0B-9DD0-FCD5602F10D1}.Release|Any CPU.Build.0 = Release|Any CPU
		{CA2D5657-3EE8-4B0B-9DD0-FCD5602F10D1}.Release|x64.ActiveCfg = Release|Any CPU
		{CA2D5657-3EE8-4B0B-9DD0-FCD5602F10D1}.Release|x64.Build.0 = Release|Any CPU
		{CA2D5657-3EE8-4B0B-9DD0-FCD5602F10D1}.Release|x86.ActiveCfg = Release|Any CPU
		{CA2D5657-3EE8-4B0B-9DD0-FCD5602F10D1}.Release|x86.Build.0 = Release|Any CPU
		{A46CA9A4-A011-4188-B512-60EEF60178DF}.Debug|Any CPU.ActiveCfg = Debug|Any CPU
		{A46CA9A4-A011-4188-B512-60EEF60178DF}.Debug|Any CPU.Build.0 = Debug|Any CPU
		{A46CA9A4-A011-4188-B512-60EEF60178DF}.Debug|x64.ActiveCfg = Debug|Any CPU
		{A46CA9A4-A011-4188-B512-60EEF60178DF}.Debug|x64.Build.0 = Debug|Any CPU
		{A46CA9A4-A011-4188-B512-60EEF60178DF}.Debug|x86.ActiveCfg = Debug|Any CPU
		{A46CA9A4-A011-4188-B512-60EEF60178DF}.Debug|x86.Build.0 = Debug|Any CPU
		{A46CA9A4-A011-4188-B512-60EEF60178DF}.Release|Any CPU.ActiveCfg = Release|Any CPU
		{A46CA9A4-A011-4188-B512-60EEF60178DF}.Release|Any CPU.Build.0 = Release|Any CPU
		{A46CA9A4-A011-4188-B512-60EEF60178DF}.Release|x64.ActiveCfg = Release|Any CPU
		{A46CA9A4-A011-4188-B512-60EEF60178DF}.Release|x64.Build.0 = Release|Any CPU
		{A46CA9A4-A011-4188-B512-60EEF60178DF}.Release|x86.ActiveCfg = Release|Any CPU
		{A46CA9A4-A011-4188-B512-60EEF60178DF}.Release|x86.Build.0 = Release|Any CPU
		{6B72E32C-057C-4EE3-9F66-E0FE6228F201}.Debug|Any CPU.ActiveCfg = Debug|Any CPU
		{6B72E32C-057C-4EE3-9F66-E0FE6228F201}.Debug|Any CPU.Build.0 = Debug|Any CPU
		{6B72E32C-057C-4EE3-9F66-E0FE6228F201}.Debug|x64.ActiveCfg = Debug|Any CPU
		{6B72E32C-057C-4EE3-9F66-E0FE6228F201}.Debug|x64.Build.0 = Debug|Any CPU
		{6B72E32C-057C-4EE3-9F66-E0FE6228F201}.Debug|x86.ActiveCfg = Debug|Any CPU
		{6B72E32C-057C-4EE3-9F66-E0FE6228F201}.Debug|x86.Build.0 = Debug|Any CPU
		{6B72E32C-057C-4EE3-9F66-E0FE6228F201}.Release|Any CPU.ActiveCfg = Release|Any CPU
		{6B72E32C-057C-4EE3-9F66-E0FE6228F201}.Release|Any CPU.Build.0 = Release|Any CPU
		{6B72E32C-057C-4EE3-9F66-E0FE6228F201}.Release|x64.ActiveCfg = Release|Any CPU
		{6B72E32C-057C-4EE3-9F66-E0FE6228F201}.Release|x64.Build.0 = Release|Any CPU
		{6B72E32C-057C-4EE3-9F66-E0FE6228F201}.Release|x86.ActiveCfg = Release|Any CPU
		{6B72E32C-057C-4EE3-9F66-E0FE6228F201}.Release|x86.Build.0 = Release|Any CPU
	EndGlobalSection
	GlobalSection(SolutionProperties) = preSolution
		HideSolutionNode = FALSE
	EndGlobalSection
	GlobalSection(NestedProjects) = preSolution
		{91C3584B-D98E-E31D-E523-8757DCFB9724} = {FA8A28C8-4B59-8028-2ACF-626D05B08DB7}
		{87D902E4-CD55-AEAC-DE95-2AB22E2A6DCE} = {FA8A28C8-4B59-8028-2ACF-626D05B08DB7}
		{1E247E24-C0A2-A425-473E-4C80D169F68A} = {FA8A28C8-4B59-8028-2ACF-626D05B08DB7}
		{B9FD70B5-C81E-2AA4-94A7-9A6E815B2C19} = {FA8A28C8-4B59-8028-2ACF-626D05B08DB7}
	EndGlobalSection
EndGlobal
